
Microsoft Visual Studio Solution File, Format Version 12.00
# Visual Studio Version 17
VisualStudioVersion = 17.6.33723.286
MinimumVisualStudioVersion = 10.0.40219.1
Project("{8BC9CEB8-8B4A-11D0-8D11-00A0C91BC942}") = "project1", "project1\project1.vcxproj", "{41313CD3-7D0C-4DF6-8CED-493D6AD590AF}"
EndProject
Global
	GlobalSection(SolutionConfigurationPlatforms) = preSolution
		Debug|x64 = Debug|x64
		Debug|x86 = Debug|x86
		Release|x64 = Release|x64
		Release|x86 = Release|x86
	EndGlobalSection
	GlobalSection(ProjectConfigurationPlatforms) = postSolution
		{41313CD3-7D0C-4DF6-8CED-493D6AD590AF}.Debug|x64.ActiveCfg = Debug|x64
		{41313CD3-7D0C-4DF6-8CED-493D6AD590AF}.Debug|x64.Build.0 = Debug|x64
		{41313CD3-7D0C-4DF6-8CED-493D6AD590AF}.Debug|x86.ActiveCfg = Debug|Win32
		{41313CD3-7D0C-4DF6-8CED-493D6AD590AF}.Debug|x86.Build.0 = Debug|Win32
		{41313CD3-7D0C-4DF6-8CED-493D6AD590AF}.Release|x64.ActiveCfg = Release|x64
		{41313CD3-7D0C-4DF6-8CED-493D6AD590AF}.Release|x64.Build.0 = Release|x64
		{41313CD3-7D0C-4DF6-8CED-493D6AD590AF}.Release|x86.ActiveCfg = Release|Win32
		{41313CD3-7D0C-4DF6-8CED-493D6AD590AF}.Release|x86.Build.0 = Release|Win32
	EndGlobalSection
	GlobalSection(SolutionProperties) = preSolution
		HideSolutionNode = FALSE
	EndGlobalSection
	GlobalSection(ExtensibilityGlobals) = postSolution
		SolutionGuid = {D38739B8-65D2-4146-8566-A2626595AA9F}
	EndGlobalSection
EndGlobal
